
Microsoft Visual Studio Solution File, Format Version 12.00
# Visual Studio 15
Project("{FAE04EC0-301F-11D3-BF4B-00C04F79EFBC}") = "Lam_Kevin_HW6", "Lam_Kevin_HW6\Lam_Kevin_HW6.csproj", "{C6B8D022-E598-41B9-A83D-FA2298A89892}"
EndProject
Global
	GlobalSection(SolutionConfigurationPlatforms) = preSolution
		Debug|Any CPU = Debug|Any CPU
		Release|Any CPU = Release|Any CPU
	EndGlobalSection
	GlobalSection(ProjectConfigurationPlatforms) = postSolution
		{C6B8D022-E598-41B9-A83D-FA2298A89892}.Debug|Any CPU.ActiveCfg = Debug|Any CPU
		{C6B8D022-E598-41B9-A83D-FA2298A89892}.Debug|Any CPU.Build.0 = Debug|Any CPU
		{C6B8D022-E598-41B9-A83D-FA2298A89892}.Release|Any CPU.ActiveCfg = Release|Any CPU
		{C6B8D022-E598-41B9-A83D-FA2298A89892}.Release|Any CPU.Build.0 = Release|Any CPU
	EndGlobalSection
EndGlobal
